
Microsoft Visual Studio Solution File, Format Version 12.00
# Visual Studio Version 16
VisualStudioVersion = 16.0.30011.22
MinimumVisualStudioVersion = 10.0.40219.1
Project("{9A19103F-16F7-4668-BE54-9A1E7A4F7556}") = "HeboTech.ATLib", "HeboTech.ATLib\HeboTech.ATLib.csproj", "{F919890A-9835-4D57-80F1-8F6BF2CC2085}"
EndProject
Project("{9A19103F-16F7-4668-BE54-9A1E7A4F7556}") = "HeboTech.ATLib.TestConsole", "HeboTech.ATLib.TestConsole\HeboTech.ATLib.TestConsole.csproj", "{82A5A7D4-9AD3-4B95-AD72-CD1B48017AC3}"
EndProject
Project("{9A19103F-16F7-4668-BE54-9A1E7A4F7556}") = "HeboTech.Communicator", "HeboTech.Communicator\HeboTech.Communicator.csproj", "{854E0B3C-FB9C-4B61-8DE3-25C9109F8B69}"
EndProject
Global
	GlobalSection(SolutionConfigurationPlatforms) = preSolution
		Debug|Any CPU = Debug|Any CPU
		Release|Any CPU = Release|Any CPU
	EndGlobalSection
	GlobalSection(ProjectConfigurationPlatforms) = postSolution
		{F919890A-9835-4D57-80F1-8F6BF2CC2085}.Debug|Any CPU.ActiveCfg = Debug|Any CPU
		{F919890A-9835-4D57-80F1-8F6BF2CC2085}.Debug|Any CPU.Build.0 = Debug|Any CPU
		{F919890A-9835-4D57-80F1-8F6BF2CC2085}.Release|Any CPU.ActiveCfg = Release|Any CPU
		{F919890A-9835-4D57-80F1-8F6BF2CC2085}.Release|Any CPU.Build.0 = Release|Any CPU
		{82A5A7D4-9AD3-4B95-AD72-CD1B48017AC3}.Debug|Any CPU.ActiveCfg = Debug|Any CPU
		{82A5A7D4-9AD3-4B95-AD72-CD1B48017AC3}.Debug|Any CPU.Build.0 = Debug|Any CPU
		{82A5A7D4-9AD3-4B95-AD72-CD1B48017AC3}.Release|Any CPU.ActiveCfg = Release|Any CPU
		{82A5A7D4-9AD3-4B95-AD72-CD1B48017AC3}.Release|Any CPU.Build.0 = Release|Any CPU
		{854E0B3C-FB9C-4B61-8DE3-25C9109F8B69}.Debug|Any CPU.ActiveCfg = Debug|Any CPU
		{854E0B3C-FB9C-4B61-8DE3-25C9109F8B69}.Debug|Any CPU.Build.0 = Debug|Any CPU
		{854E0B3C-FB9C-4B61-8DE3-25C9109F8B69}.Release|Any CPU.ActiveCfg = Release|Any CPU
		{854E0B3C-FB9C-4B61-8DE3-25C9109F8B69}.Release|Any CPU.Build.0 = Release|Any CPU
	EndGlobalSection
	GlobalSection(SolutionProperties) = preSolution
		HideSolutionNode = FALSE
	EndGlobalSection
	GlobalSection(ExtensibilityGlobals) = postSolution
		SolutionGuid = {D5D563F6-3E4F-4AD4-B6E6-1CFD78A8BE7F}
	EndGlobalSection
EndGlobal
